// !$*UTF8*$!
{
	archiveVersion = 1;
	classes = {
	};
	objectVersion = 50;
	objects = {

/* Begin PBXBuildFile section */
		366D2BCD2290996900C6C316 /* AppDelegate.swift in Sources */ = {isa = PBXBuildFile; fileRef = 366D2BCC2290996900C6C316 /* AppDelegate.swift */; };
		366D2BD22290996900C6C316 /* Main.storyboard in Resources */ = {isa = PBXBuildFile; fileRef = 366D2BD02290996900C6C316 /* Main.storyboard */; };
		366D2BD52290996900C6C316 /* FunFinder.xcdatamodeld in Sources */ = {isa = PBXBuildFile; fileRef = 366D2BD32290996900C6C316 /* FunFinder.xcdatamodeld */; };
		366D2BD72290996A00C6C316 /* Assets.xcassets in Resources */ = {isa = PBXBuildFile; fileRef = 366D2BD62290996A00C6C316 /* Assets.xcassets */; };
		366D2BDA2290996A00C6C316 /* LaunchScreen.storyboard in Resources */ = {isa = PBXBuildFile; fileRef = 366D2BD82290996A00C6C316 /* LaunchScreen.storyboard */; };
		366D2BE22290A52B00C6C316 /* AddPhotoViewController.swift in Sources */ = {isa = PBXBuildFile; fileRef = 366D2BE12290A52B00C6C316 /* AddPhotoViewController.swift */; };
		36A2891E2290DA680051E9CA /* PhotoTableTableViewController.swift in Sources */ = {isa = PBXBuildFile; fileRef = 36A2891D2290DA680051E9CA /* PhotoTableTableViewController.swift */; };
/* End PBXBuildFile section */

/* Begin PBXFileReference section */
		366D2BC92290996900C6C316 /* FunFinder.app */ = {isa = PBXFileReference; explicitFileType = wrapper.application; includeInIndex = 0; path = FunFinder.app; sourceTree = BUILT_PRODUCTS_DIR; };
		366D2BCC2290996900C6C316 /* AppDelegate.swift */ = {isa = PBXFileReference; lastKnownFileType = sourcecode.swift; path = AppDelegate.swift; sourceTree = "<group>"; };
		366D2BD12290996900C6C316 /* Base */ = {isa = PBXFileReference; lastKnownFileType = file.storyboard; name = Base; path = Base.lproj/Main.storyboard; sourceTree = "<group>"; };
		366D2BD42290996900C6C316 /* FunFinder.xcdatamodel */ = {isa = PBXFileReference; lastKnownFileType = wrapper.xcdatamodel; path = FunFinder.xcdatamodel; sourceTree = "<group>"; };
		366D2BD62290996A00C6C316 /* Assets.xcassets */ = {isa = PBXFileReference; lastKnownFileType = folder.assetcatalog; path = Assets.xcassets; sourceTree = "<group>"; };
		366D2BD92290996A00C6C316 /* Base */ = {isa = PBXFileReference; lastKnownFileType = file.storyboard; name = Base; path = Base.lproj/LaunchScreen.storyboard; sourceTree = "<group>"; };
		366D2BDB2290996A00C6C316 /* Info.plist */ = {isa = PBXFileReference; lastKnownFileType = text.plist.xml; path = Info.plist; sourceTree = "<group>"; };
		366D2BE12290A52B00C6C316 /* AddPhotoViewController.swift */ = {isa = PBXFileReference; lastKnownFileType = sourcecode.swift; path = AddPhotoViewController.swift; sourceTree = "<group>"; };
		36A2891D2290DA680051E9CA /* PhotoTableTableViewController.swift */ = {isa = PBXFileReference; lastKnownFileType = sourcecode.swift; path = PhotoTableTableViewController.swift; sourceTree = "<group>"; };
/* End PBXFileReference section */

/* Begin PBXFrameworksBuildPhase section */
		366D2BC62290996900C6C316 /* Frameworks */ = {
			isa = PBXFrameworksBuildPhase;
			buildActionMask = 2147483647;
			files = (
			);
			runOnlyForDeploymentPostprocessing = 0;
		};
/* End PBXFrameworksBuildPhase section */

/* Begin PBXGroup section */
		366D2BC02290996900C6C316 = {
			isa = PBXGroup;
			children = (
				366D2BCB2290996900C6C316 /* FunFinder */,
				366D2BCA2290996900C6C316 /* Products */,
			);
			sourceTree = "<group>";
		};
		366D2BCA2290996900C6C316 /* Products */ = {
			isa = PBXGroup;
			children = (
				366D2BC92290996900C6C316 /* FunFinder.app */,
			);
			name = Products;
			sourceTree = "<group>";
		};
		366D2BCB2290996900C6C316 /* FunFinder */ = {
			isa = PBXGroup;
			children = (
				366D2BCC2290996900C6C316 /* AppDelegate.swift */,
				366D2BD02290996900C6C316 /* Main.storyboard */,
				36A2891D2290DA680051E9CA /* PhotoTableTableViewController.swift */,
				366D2BE12290A52B00C6C316 /* AddPhotoViewController.swift */,
				366D2BD62290996A00C6C316 /* Assets.xcassets */,
				366D2BD82290996A00C6C316 /* LaunchScreen.storyboard */,
				366D2BDB2290996A00C6C316 /* Info.plist */,
				366D2BD32290996900C6C316 /* FunFinder.xcdatamodeld */,
			);
			path = FunFinder;
			sourceTree = "<group>";
		};
/* End PBXGroup section */

/* Begin PBXNativeTarget section */
		366D2BC82290996900C6C316 /* FunFinder */ = {
			isa = PBXNativeTarget;
			buildConfigurationList = 366D2BDE2290996A00C6C316 /* Build configuration list for PBXNativeTarget "FunFinder" */;
			buildPhases = (
				366D2BC52290996900C6C316 /* Sources */,
				366D2BC62290996900C6C316 /* Frameworks */,
				366D2BC72290996900C6C316 /* Resources */,
			);
			buildRules = (
			);
			dependencies = (
			);
			name = FunFinder;
			productName = FunFinder;
			productReference = 366D2BC92290996900C6C316 /* FunFinder.app */;
			productType = "com.apple.product-type.application";
		};
/* End PBXNativeTarget section */

/* Begin PBXProject section */
		366D2BC12290996900C6C316 /* Project object */ = {
			isa = PBXProject;
			attributes = {
				LastSwiftUpdateCheck = 1020;
				LastUpgradeCheck = 1020;
				ORGANIZATIONNAME = "Colby Dickinson";
				TargetAttributes = {
					366D2BC82290996900C6C316 = {
						CreatedOnToolsVersion = 10.2.1;
					};
				};
			};
			buildConfigurationList = 366D2BC42290996900C6C316 /* Build configuration list for PBXProject "FunFinder" */;
			compatibilityVersion = "Xcode 9.3";
			developmentRegion = en;
			hasScannedForEncodings = 0;
			knownRegions = (
				en,
				Base,
			);
			mainGroup = 366D2BC02290996900C6C316;
			productRefGroup = 366D2BCA2290996900C6C316 /* Products */;
			projectDirPath = "";
			projectRoot = "";
			targets = (
				366D2BC82290996900C6C316 /* FunFinder */,
			);
		};
/* End PBXProject section */

/* Begin PBXResourcesBuildPhase section */
		366D2BC72290996900C6C316 /* Resources */ = {
			isa = PBXResourcesBuildPhase;
			buildActionMask = 2147483647;
			files = (
				366D2BDA2290996A00C6C316 /* LaunchScreen.storyboard in Resources */,
				366D2BD72290996A00C6C316 /* Assets.xcassets in Resources */,
				366D2BD22290996900C6C316 /* Main.storyboard in Resources */,
			);
			runOnlyForDeploymentPostprocessing = 0;
		};
/* End PBXResourcesBuildPhase section */

/* Begin PBXSourcesBuildPhase section */
		366D2BC52290996900C6C316 /* Sources */ = {
			isa = PBXSourcesBuildPhase;
			buildActionMask = 2147483647;
			files = (
				366D2BCD2290996900C6C316 /* AppDelegate.swift in Sources */,
				366D2BE22290A52B00C6C316 /* AddPhotoViewController.swift in Sources */,
				366D2BD52290996900C6C316 /* FunFinder.xcdatamodeld in Sources */,
				36A2891E2290DA680051E9CA /* PhotoTableTableViewController.swift in Sources */,
			);
			runOnlyForDeploymentPostprocessing = 0;
		};
/* End PBXSourcesBuildPhase section */

/* Begin PBXVariantGroup section */
		366D2BD02290996900C6C316 /* Main.storyboard */ = {
			isa = PBXVariantGroup;
			children = (
				366D2BD12290996900C6C316 /* Base */,
			);
			name = Main.storyboard;
			sourceTree = "<group>";
		};
		366D2BD82290996A00C6C316 /* LaunchScreen.storyboard */ = {
			isa = PBXVariantGroup;
			children = (
				366D2BD92290996A00C6C316 /* Base */,
			);
			name = LaunchScreen.storyboard;
			sourceTree = "<group>";
		};
/* End PBXVariantGroup section */

/* Begin XCBuildConfiguration section */
		366D2BDC2290996A00C6C316 /* Debug */ = {
			isa = XCBuildConfiguration;
			buildSettings = {
				ALWAYS_SEARCH_USER_PATHS = NO;
				CLANG_ANALYZER_NONNULL = YES;
				CLANG_ANALYZER_NUMBER_OBJECT_CONVERSION = YES_AGGRESSIVE;
				CLANG_CXX_LANGUAGE_STANDARD = "gnu++14";
				CLANG_CXX_LIBRARY = "libc++";
				CLANG_ENABLE_MODULES = YES;
				CLANG_ENABLE_OBJC_ARC = YES;
				CLANG_ENABLE_OBJC_WEAK = YES;
				CLANG_WARN_BLOCK_CAPTURE_AUTORELEASING = YES;
				CLANG_WARN_BOOL_CONVERSION = YES;
				CLANG_WARN_COMMA = YES;
				CLANG_WARN_CONSTANT_CONVERSION = YES;
				CLANG_WARN_DEPRECATED_OBJC_IMPLEMENTATIONS = YES;
				CLANG_WARN_DIRECT_OBJC_ISA_USAGE = YES_ERROR;
				CLANG_WARN_DOCUMENTATION_COMMENTS = YES;
				CLANG_WARN_EMPTY_BODY = YES;
				CLANG_WARN_ENUM_CONVERSION = YES;
				CLANG_WARN_INFINITE_RECURSION = YES;
				CLANG_WARN_INT_CONVERSION = YES;
				CLANG_WARN_NON_LITERAL_NULL_CONVERSION = YES;
				CLANG_WARN_OBJC_IMPLICIT_RETAIN_SELF = YES;
				CLANG_WARN_OBJC_LITERAL_CONVERSION = YES;
				CLANG_WARN_OBJC_ROOT_CLASS = YES_ERROR;
				CLANG_WARN_RANGE_LOOP_ANALYSIS = YES;
				CLANG_WARN_STRICT_PROTOTYPES = YES;
				CLANG_WARN_SUSPICIOUS_MOVE = YES;
				CLANG_WARN_UNGUARDED_AVAILABILITY = YES_AGGRESSIVE;
				CLANG_WARN_UNREACHABLE_CODE = YES;
				CLANG_WARN__DUPLICATE_METHOD_MATCH = YES;
				CODE_SIGN_IDENTITY = "iPhone Developer";
				COPY_PHASE_STRIP = NO;
				DEBUG_INFORMATION_FORMAT = dwarf;
				ENABLE_STRICT_OBJC_MSGSEND = YES;
				ENABLE_TESTABILITY = YES;
				GCC_C_LANGUAGE_STANDARD = gnu11;
				GCC_DYNAMIC_NO_PIC = NO;
				GCC_NO_COMMON_BLOCKS = YES;
				GCC_OPTIMIZATION_LEVEL = 0;
				GCC_PREPROCESSOR_DEFINITIONS = (
					"DEBUG=1",
					"$(inherited)",
				);
				GCC_WARN_64_TO_32_BIT_CONVERSION = YES;
				GCC_WARN_ABOUT_RETURN_TYPE = YES_ERROR;
				GCC_WARN_UNDECLARED_SELECTOR = YES;
				GCC_WARN_UNINITIALIZED_AUTOS = YES_AGGRESSIVE;
				GCC_WARN_UNUSED_FUNCTION = YES;
				GCC_WARN_UNUSED_VARIABLE = YES;
				IPHONEOS_DEPLOYMENT_TARGET = 12.2;
				MTL_ENABLE_DEBUG_INFO = INCLUDE_SOURCE;
				MTL_FAST_MATH = YES;
				ONLY_ACTIVE_ARCH = YES;
				SDKROOT = iphoneos;
				SWIFT_ACTIVE_COMPILATION_CONDITIONS = DEBUG;
				SWIFT_OPTIMIZATION_LEVEL = "-Onone";
			};
			name = Debug;
		};
		366D2BDD2290996A00C6C316 /* Release */ = {
			isa = XCBuildConfiguration;
			buildSettings = {
				ALWAYS_SEARCH_USER_PATHS = NO;
				CLANG_ANALYZER_NONNULL = YES;
				CLANG_ANALYZER_NUMBER_OBJECT_CONVERSION = YES_AGGRESSIVE;
				CLANG_CXX_LANGUAGE_STANDARD = "gnu++14";
				CLANG_CXX_LIBRARY = "libc++";
				CLANG_ENABLE_MODULES = YES;
				CLANG_ENABLE_OBJC_ARC = YES;
				CLANG_ENABLE_OBJC_WEAK = YES;
				CLANG_WARN_BLOCK_CAPTURE_AUTORELEASING = YES;
				CLANG_WARN_BOOL_CONVERSION = YES;
				CLANG_WARN_COMMA = YES;
				CLANG_WARN_CONSTANT_CONVERSION = YES;
				CLANG_WARN_DEPRECATED_OBJC_IMPLEMENTATIONS = YES;
				CLANG_WARN_DIRECT_OBJC_ISA_USAGE = YES_ERROR;
				CLANG_WARN_DOCUMENTATION_COMMENTS = YES;
				CLANG_WARN_EMPTY_BODY = YES;
				CLANG_WARN_ENUM_CONVERSION = YES;
				CLANG_WARN_INFINITE_RECURSION = YES;
				CLANG_WARN_INT_CONVERSION = YES;
				CLANG_WARN_NON_LITERAL_NULL_CONVERSION = YES;
				CLANG_WARN_OBJC_IMPLICIT_RETAIN_SELF = YES;
				CLANG_WARN_OBJC_LITERAL_CONVERSION = YES;
				CLANG_WARN_OBJC_ROOT_CLASS = YES_ERROR;
				CLANG_WARN_RANGE_LOOP_ANALYSIS = YES;
				CLANG_WARN_STRICT_PROTOTYPES = YES;
				CLANG_WARN_SUSPICIOUS_MOVE = YES;
				CLANG_WARN_UNGUARDED_AVAILABILITY = YES_AGGRESSIVE;
				CLANG_WARN_UNREACHABLE_CODE = YES;
				CLANG_WARN__DUPLICATE_METHOD_MATCH = YES;
				CODE_SIGN_IDENTITY = "iPhone Developer";
				COPY_PHASE_STRIP = NO;
				DEBUG_INFORMATION_FORMAT = "dwarf-with-dsym";
				ENABLE_NS_ASSERTIONS = NO;
				ENABLE_STRICT_OBJC_MSGSEND = YES;
				GCC_C_LANGUAGE_STANDARD = gnu11;
				GCC_NO_COMMON_BLOCKS = YES;
				GCC_WARN_64_TO_32_BIT_CONVERSION = YES;
				GCC_WARN_ABOUT_RETURN_TYPE = YES_ERROR;
				GCC_WARN_UNDECLARED_SELECTOR = YES;
				GCC_WARN_UNINITIALIZED_AUTOS = YES_AGGRESSIVE;
				GCC_WARN_UNUSED_FUNCTION = YES;
				GCC_WARN_UNUSED_VARIABLE = YES;
				IPHONEOS_DEPLOYMENT_TARGET = 12.2;
				MTL_ENABLE_DEBUG_INFO = NO;
				MTL_FAST_MATH = YES;
				SDKROOT = iphoneos;
				SWIFT_COMPILATION_MODE = wholemodule;
				SWIFT_OPTIMIZATION_LEVEL = "-O";
				VALIDATE_PRODUCT = YES;
			};
			name = Release;
		};
		366D2BDF2290996A00C6C316 /* Debug */ = {
			isa = XCBuildConfiguration;
			buildSettings = {
				ASSETCATALOG_COMPILER_APPICON_NAME = AppIcon;
				CODE_SIGN_STYLE = Automatic;
				INFOPLIST_FILE = FunFinder/Info.plist;
				LD_RUNPATH_SEARCH_PATHS = (
					"$(inherited)",
					"@executable_path/Frameworks",
				);
				PRODUCT_BUNDLE_IDENTIFIER = KWK.FunFinder;
				PRODUCT_NAME = "$(TARGET_NAME)";
				SWIFT_VERSION = 5.0;
				TARGETED_DEVICE_FAMILY = "1,2";
			};
			name = Debug;
		};
		366D2BE02290996A00C6C316 /* Release */ = {
			isa = XCBuildConfiguration;
			buildSettings = {
				ASSETCATALOG_COMPILER_APPICON_NAME = AppIcon;
				CODE_SIGN_STYLE = Automatic;
				INFOPLIST_FILE = FunFinder/Info.plist;
				LD_RUNPATH_SEARCH_PATHS = (
					"$(inherited)",
					"@executable_path/Frameworks",
				);
				PRODUCT_BUNDLE_IDENTIFIER = KWK.FunFinder;
				PRODUCT_NAME = "$(TARGET_NAME)";
				SWIFT_VERSION = 5.0;
				TARGETED_DEVICE_FAMILY = "1,2";
			};
			name = Release;
		};
/* End XCBuildConfiguration section */

/* Begin XCConfigurationList section */
		366D2BC42290996900C6C316 /* Build configuration list for PBXProject "FunFinder" */ = {
			isa = XCConfigurationList;
			buildConfigurations = (
				366D2BDC2290996A00C6C316 /* Debug */,
				366D2BDD2290996A00C6C316 /* Release */,
			);
			defaultConfigurationIsVisible = 0;
			defaultConfigurationName = Release;
		};
		366D2BDE2290996A00C6C316 /* Build configuration list for PBXNativeTarget "FunFinder" */ = {
			isa = XCConfigurationList;
			buildConfigurations = (
				366D2BDF2290996A00C6C316 /* Debug */,
				366D2BE02290996A00C6C316 /* Release */,
			);
			defaultConfigurationIsVisible = 0;
			defaultConfigurationName = Release;
		};
/* End XCConfigurationList section */

/* Begin XCVersionGroup section */
		366D2BD32290996900C6C316 /* FunFinder.xcdatamodeld */ = {
			isa = XCVersionGroup;
			children = (
				366D2BD42290996900C6C316 /* FunFinder.xcdatamodel */,
			);
			currentVersion = 366D2BD42290996900C6C316 /* FunFinder.xcdatamodel */;
			path = FunFinder.xcdatamodeld;
			sourceTree = "<group>";
			versionGroupType = wrapper.xcdatamodel;
		};
/* End XCVersionGroup section */
	};
	rootObject = 366D2BC12290996900C6C316 /* Project object */;
}
